
Microsoft Visual Studio Solution File, Format Version 12.00
# Visual Studio Version 17
VisualStudioVersion = 17.1.32407.343
MinimumVisualStudioVersion = 10.0.40219.1
Project("{FAE04EC0-301F-11D3-BF4B-00C04F79EFBC}") = "Desafio02_WF", "Desafio02_WF\Desafio02_WF.csproj", "{6C5DA462-AFB8-4D3D-AA67-B82D26A910D1}"
EndProject
Global
	GlobalSection(SolutionConfigurationPlatforms) = preSolution
		Debug|Any CPU = Debug|Any CPU
		Release|Any CPU = Release|Any CPU
	EndGlobalSection
	GlobalSection(ProjectConfigurationPlatforms) = postSolution
		{6C5DA462-AFB8-4D3D-AA67-B82D26A910D1}.Debug|Any CPU.ActiveCfg = Debug|Any CPU
		{6C5DA462-AFB8-4D3D-AA67-B82D26A910D1}.Debug|Any CPU.Build.0 = Debug|Any CPU
		{6C5DA462-AFB8-4D3D-AA67-B82D26A910D1}.Release|Any CPU.ActiveCfg = Release|Any CPU
		{6C5DA462-AFB8-4D3D-AA67-B82D26A910D1}.Release|Any CPU.Build.0 = Release|Any CPU
	EndGlobalSection
	GlobalSection(SolutionProperties) = preSolution
		HideSolutionNode = FALSE
	EndGlobalSection
	GlobalSection(ExtensibilityGlobals) = postSolution
		SolutionGuid = {96FEA651-DD3E-442C-A717-3CFAB068A8C6}
	EndGlobalSection
EndGlobal
